// !$*UTF8*$!
{
	archiveVersion = 1;
	classes = {
	};
	objectVersion = 46;
	objects = {

/* Begin PBXBuildFile section */
		02AC2BBA1DF2193015F23E0C /* Pods_Chatty.framework in Frameworks */ = {isa = PBXBuildFile; fileRef = C68A0071162583E4513AE03D /* Pods_Chatty.framework */; };
		392829B01E9F169A008663AE /* AppDelegate.swift in Sources */ = {isa = PBXBuildFile; fileRef = 392829AF1E9F169A008663AE /* AppDelegate.swift */; };
		392829B21E9F169A008663AE /* LoginViewController.swift in Sources */ = {isa = PBXBuildFile; fileRef = 392829B11E9F169A008663AE /* LoginViewController.swift */; };
		392829B51E9F169A008663AE /* Main.storyboard in Resources */ = {isa = PBXBuildFile; fileRef = 392829B31E9F169A008663AE /* Main.storyboard */; };
		392829B71E9F169A008663AE /* Assets.xcassets in Resources */ = {isa = PBXBuildFile; fileRef = 392829B61E9F169A008663AE /* Assets.xcassets */; };
		392829BA1E9F169A008663AE /* LaunchScreen.storyboard in Resources */ = {isa = PBXBuildFile; fileRef = 392829B81E9F169A008663AE /* LaunchScreen.storyboard */; };
		EB4FEEE61E9F21A100439F09 /* ChatViewController.swift in Sources */ = {isa = PBXBuildFile; fileRef = EB4FEEE51E9F21A100439F09 /* ChatViewController.swift */; };
/* End PBXBuildFile section */

/* Begin PBXFileReference section */
		1CFCDA9219727860B482D25B /* Pods-Chatty.debug.xcconfig */ = {isa = PBXFileReference; includeInIndex = 1; lastKnownFileType = text.xcconfig; name = "Pods-Chatty.debug.xcconfig"; path = "Pods/Target Support Files/Pods-Chatty/Pods-Chatty.debug.xcconfig"; sourceTree = "<group>"; };
		392829AC1E9F169A008663AE /* Chatty.app */ = {isa = PBXFileReference; explicitFileType = wrapper.application; includeInIndex = 0; path = Chatty.app; sourceTree = BUILT_PRODUCTS_DIR; };
		392829AF1E9F169A008663AE /* AppDelegate.swift */ = {isa = PBXFileReference; lastKnownFileType = sourcecode.swift; path = AppDelegate.swift; sourceTree = "<group>"; };
		392829B11E9F169A008663AE /* LoginViewController.swift */ = {isa = PBXFileReference; lastKnownFileType = sourcecode.swift; path = LoginViewController.swift; sourceTree = "<group>"; };
		392829B41E9F169A008663AE /* Base */ = {isa = PBXFileReference; lastKnownFileType = file.storyboard; name = Base; path = Base.lproj/Main.storyboard; sourceTree = "<group>"; };
		392829B61E9F169A008663AE /* Assets.xcassets */ = {isa = PBXFileReference; lastKnownFileType = folder.assetcatalog; path = Assets.xcassets; sourceTree = "<group>"; };
		392829B91E9F169A008663AE /* Base */ = {isa = PBXFileReference; lastKnownFileType = file.storyboard; name = Base; path = Base.lproj/LaunchScreen.storyboard; sourceTree = "<group>"; };
		392829BB1E9F169A008663AE /* Info.plist */ = {isa = PBXFileReference; lastKnownFileType = text.plist.xml; path = Info.plist; sourceTree = "<group>"; };
		5721F75113332B77C82B9301 /* Pods-Chatty.release.xcconfig */ = {isa = PBXFileReference; includeInIndex = 1; lastKnownFileType = text.xcconfig; name = "Pods-Chatty.release.xcconfig"; path = "Pods/Target Support Files/Pods-Chatty/Pods-Chatty.release.xcconfig"; sourceTree = "<group>"; };
		C68A0071162583E4513AE03D /* Pods_Chatty.framework */ = {isa = PBXFileReference; explicitFileType = wrapper.framework; includeInIndex = 0; path = Pods_Chatty.framework; sourceTree = BUILT_PRODUCTS_DIR; };
		EB4FEEE51E9F21A100439F09 /* ChatViewController.swift */ = {isa = PBXFileReference; fileEncoding = 4; lastKnownFileType = sourcecode.swift; path = ChatViewController.swift; sourceTree = "<group>"; };
/* End PBXFileReference section */

/* Begin PBXFrameworksBuildPhase section */
		392829A91E9F169A008663AE /* Frameworks */ = {
			isa = PBXFrameworksBuildPhase;
			buildActionMask = 2147483647;
			files = (
				02AC2BBA1DF2193015F23E0C /* Pods_Chatty.framework in Frameworks */,
			);
			runOnlyForDeploymentPostprocessing = 0;
		};
/* End PBXFrameworksBuildPhase section */

/* Begin PBXGroup section */
		392829A31E9F169A008663AE = {
			isa = PBXGroup;
			children = (
				392829AE1E9F169A008663AE /* Chatty */,
				392829AD1E9F169A008663AE /* Products */,
				C4EDE87242CE5DF2134DF75E /* Pods */,
				ED939D84F82B5DDDD32E83E6 /* Frameworks */,
			);
			sourceTree = "<group>";
		};
		392829AD1E9F169A008663AE /* Products */ = {
			isa = PBXGroup;
			children = (
				392829AC1E9F169A008663AE /* Chatty.app */,
			);
			name = Products;
			sourceTree = "<group>";
		};
		392829AE1E9F169A008663AE /* Chatty */ = {
			isa = PBXGroup;
			children = (
				392829AF1E9F169A008663AE /* AppDelegate.swift */,
				392829B11E9F169A008663AE /* LoginViewController.swift */,
				392829B31E9F169A008663AE /* Main.storyboard */,
				392829B61E9F169A008663AE /* Assets.xcassets */,
				392829B81E9F169A008663AE /* LaunchScreen.storyboard */,
				392829BB1E9F169A008663AE /* Info.plist */,
				EB4FEEE51E9F21A100439F09 /* ChatViewController.swift */,
			);
			path = Chatty;
			sourceTree = "<group>";
		};
		C4EDE87242CE5DF2134DF75E /* Pods */ = {
			isa = PBXGroup;
			children = (
				1CFCDA9219727860B482D25B /* Pods-Chatty.debug.xcconfig */,
				5721F75113332B77C82B9301 /* Pods-Chatty.release.xcconfig */,
			);
			name = Pods;
			sourceTree = "<group>";
		};
		ED939D84F82B5DDDD32E83E6 /* Frameworks */ = {
			isa = PBXGroup;
			children = (
				C68A0071162583E4513AE03D /* Pods_Chatty.framework */,
			);
			name = Frameworks;
			sourceTree = "<group>";
		};
/* End PBXGroup section */

/* Begin PBXNativeTarget section */
		392829AB1E9F169A008663AE /* Chatty */ = {
			isa = PBXNativeTarget;
			buildConfigurationList = 392829BE1E9F169A008663AE /* Build configuration list for PBXNativeTarget "Chatty" */;
			buildPhases = (
				FC2203A43ED761A303EE31DE /* [CP] Check Pods Manifest.lock */,
				392829A81E9F169A008663AE /* Sources */,
				392829A91E9F169A008663AE /* Frameworks */,
				392829AA1E9F169A008663AE /* Resources */,
				F81DF0CD4543926F0223B82E /* [CP] Embed Pods Frameworks */,
				094A5BAC060070276738C5A1 /* [CP] Copy Pods Resources */,
			);
			buildRules = (
			);
			dependencies = (
			);
			name = Chatty;
			productName = Chatty;
			productReference = 392829AC1E9F169A008663AE /* Chatty.app */;
			productType = "com.apple.product-type.application";
		};
/* End PBXNativeTarget section */

/* Begin PBXProject section */
		392829A41E9F169A008663AE /* Project object */ = {
			isa = PBXProject;
			attributes = {
				LastSwiftUpdateCheck = 0830;
				LastUpgradeCheck = 0830;
				ORGANIZATIONNAME = Nana;
				TargetAttributes = {
					392829AB1E9F169A008663AE = {
						CreatedOnToolsVersion = 8.3;
						ProvisioningStyle = Automatic;
					};
				};
			};
			buildConfigurationList = 392829A71E9F169A008663AE /* Build configuration list for PBXProject "Chatty" */;
			compatibilityVersion = "Xcode 3.2";
			developmentRegion = English;
			hasScannedForEncodings = 0;
			knownRegions = (
				en,
				Base,
			);
			mainGroup = 392829A31E9F169A008663AE;
			productRefGroup = 392829AD1E9F169A008663AE /* Products */;
			projectDirPath = "";
			projectRoot = "";
			targets = (
				392829AB1E9F169A008663AE /* Chatty */,
			);
		};
/* End PBXProject section */

/* Begin PBXResourcesBuildPhase section */
		392829AA1E9F169A008663AE /* Resources */ = {
			isa = PBXResourcesBuildPhase;
			buildActionMask = 2147483647;
			files = (
				392829BA1E9F169A008663AE /* LaunchScreen.storyboard in Resources */,
				392829B71E9F169A008663AE /* Assets.xcassets in Resources */,
				392829B51E9F169A008663AE /* Main.storyboard in Resources */,
			);
			runOnlyForDeploymentPostprocessing = 0;
		};
/* End PBXResourcesBuildPhase section */

/* Begin PBXShellScriptBuildPhase section */
		094A5BAC060070276738C5A1 /* [CP] Copy Pods Resources */ = {
			isa = PBXShellScriptBuildPhase;
			buildActionMask = 2147483647;
			files = (
			);
			inputPaths = (
			);
			name = "[CP] Copy Pods Resources";
			outputPaths = (
			);
			runOnlyForDeploymentPostprocessing = 0;
			shellPath = /bin/sh;
			shellScript = "\"${SRCROOT}/Pods/Target Support Files/Pods-Chatty/Pods-Chatty-resources.sh\"\n";
			showEnvVarsInLog = 0;
		};
		F81DF0CD4543926F0223B82E /* [CP] Embed Pods Frameworks */ = {
			isa = PBXShellScriptBuildPhase;
			buildActionMask = 2147483647;
			files = (
			);
			inputPaths = (
			);
			name = "[CP] Embed Pods Frameworks";
			outputPaths = (
			);
			runOnlyForDeploymentPostprocessing = 0;
			shellPath = /bin/sh;
			shellScript = "\"${SRCROOT}/Pods/Target Support Files/Pods-Chatty/Pods-Chatty-frameworks.sh\"\n";
			showEnvVarsInLog = 0;
		};
		FC2203A43ED761A303EE31DE /* [CP] Check Pods Manifest.lock */ = {
			isa = PBXShellScriptBuildPhase;
			buildActionMask = 2147483647;
			files = (
			);
			inputPaths = (
			);
			name = "[CP] Check Pods Manifest.lock";
			outputPaths = (
			);
			runOnlyForDeploymentPostprocessing = 0;
			shellPath = /bin/sh;
			shellScript = "diff \"${PODS_ROOT}/../Podfile.lock\" \"${PODS_ROOT}/Manifest.lock\" > /dev/null\nif [ $? != 0 ] ; then\n    # print error to STDERR\n    echo \"error: The sandbox is not in sync with the Podfile.lock. Run 'pod install' or update your CocoaPods installation.\" >&2\n    exit 1\nfi\n";
			showEnvVarsInLog = 0;
		};
/* End PBXShellScriptBuildPhase section */

/* Begin PBXSourcesBuildPhase section */
		392829A81E9F169A008663AE /* Sources */ = {
			isa = PBXSourcesBuildPhase;
			buildActionMask = 2147483647;
			files = (
				392829B21E9F169A008663AE /* LoginViewController.swift in Sources */,
				EB4FEEE61E9F21A100439F09 /* ChatViewController.swift in Sources */,
				392829B01E9F169A008663AE /* AppDelegate.swift in Sources */,
			);
			runOnlyForDeploymentPostprocessing = 0;
		};
/* End PBXSourcesBuildPhase section */

/* Begin PBXVariantGroup section */
		392829B31E9F169A008663AE /* Main.storyboard */ = {
			isa = PBXVariantGroup;
			children = (
				392829B41E9F169A008663AE /* Base */,
			);
			name = Main.storyboard;
			sourceTree = "<group>";
		};
		392829B81E9F169A008663AE /* LaunchScreen.storyboard */ = {
			isa = PBXVariantGroup;
			children = (
				392829B91E9F169A008663AE /* Base */,
			);
			name = LaunchScreen.storyboard;
			sourceTree = "<group>";
		};
/* End PBXVariantGroup section */

/* Begin XCBuildConfiguration section */
		392829BC1E9F169A008663AE /* Debug */ = {
			isa = XCBuildConfiguration;
			buildSettings = {
				ALWAYS_SEARCH_USER_PATHS = NO;
				CLANG_ANALYZER_NONNULL = YES;
				CLANG_ANALYZER_NUMBER_OBJECT_CONVERSION = YES_AGGRESSIVE;
				CLANG_CXX_LANGUAGE_STANDARD = "gnu++0x";
				CLANG_CXX_LIBRARY = "libc++";
				CLANG_ENABLE_MODULES = YES;
				CLANG_ENABLE_OBJC_ARC = YES;
				CLANG_WARN_BOOL_CONVERSION = YES;
				CLANG_WARN_CONSTANT_CONVERSION = YES;
				CLANG_WARN_DIRECT_OBJC_ISA_USAGE = YES_ERROR;
				CLANG_WARN_DOCUMENTATION_COMMENTS = YES;
				CLANG_WARN_EMPTY_BODY = YES;
				CLANG_WARN_ENUM_CONVERSION = YES;
				CLANG_WARN_INFINITE_RECURSION = YES;
				CLANG_WARN_INT_CONVERSION = YES;
				CLANG_WARN_OBJC_ROOT_CLASS = YES_ERROR;
				CLANG_WARN_SUSPICIOUS_MOVE = YES;
				CLANG_WARN_UNREACHABLE_CODE = YES;
				CLANG_WARN__DUPLICATE_METHOD_MATCH = YES;
				"CODE_SIGN_IDENTITY[sdk=iphoneos*]" = "iPhone Developer";
				COPY_PHASE_STRIP = NO;
				DEBUG_INFORMATION_FORMAT = dwarf;
				ENABLE_STRICT_OBJC_MSGSEND = YES;
				ENABLE_TESTABILITY = YES;
				GCC_C_LANGUAGE_STANDARD = gnu99;
				GCC_DYNAMIC_NO_PIC = NO;
				GCC_NO_COMMON_BLOCKS = YES;
				GCC_OPTIMIZATION_LEVEL = 0;
				GCC_PREPROCESSOR_DEFINITIONS = (
					"DEBUG=1",
					"$(inherited)",
				);
				GCC_WARN_64_TO_32_BIT_CONVERSION = YES;
				GCC_WARN_ABOUT_RETURN_TYPE = YES_ERROR;
				GCC_WARN_UNDECLARED_SELECTOR = YES;
				GCC_WARN_UNINITIALIZED_AUTOS = YES_AGGRESSIVE;
				GCC_WARN_UNUSED_FUNCTION = YES;
				GCC_WARN_UNUSED_VARIABLE = YES;
				IPHONEOS_DEPLOYMENT_TARGET = 10.3;
				MTL_ENABLE_DEBUG_INFO = YES;
				ONLY_ACTIVE_ARCH = YES;
				SDKROOT = iphoneos;
				SWIFT_ACTIVE_COMPILATION_CONDITIONS = DEBUG;
				SWIFT_OPTIMIZATION_LEVEL = "-Onone";
			};
			name = Debug;
		};
		392829BD1E9F169A008663AE /* Release */ = {
			isa = XCBuildConfiguration;
			buildSettings = {
				ALWAYS_SEARCH_USER_PATHS = NO;
				CLANG_ANALYZER_NONNULL = YES;
				CLANG_ANALYZER_NUMBER_OBJECT_CONVERSION = YES_AGGRESSIVE;
				CLANG_CXX_LANGUAGE_STANDARD = "gnu++0x";
				CLANG_CXX_LIBRARY = "libc++";
				CLANG_ENABLE_MODULES = YES;
				CLANG_ENABLE_OBJC_ARC = YES;
				CLANG_WARN_BOOL_CONVERSION = YES;
				CLANG_WARN_CONSTANT_CONVERSION = YES;
				CLANG_WARN_DIRECT_OBJC_ISA_USAGE = YES_ERROR;
				CLANG_WARN_DOCUMENTATION_COMMENTS = YES;
				CLANG_WARN_EMPTY_BODY = YES;
				CLANG_WARN_ENUM_CONVERSION = YES;
				CLANG_WARN_INFINITE_RECURSION = YES;
				CLANG_WARN_INT_CONVERSION = YES;
				CLANG_WARN_OBJC_ROOT_CLASS = YES_ERROR;
				CLANG_WARN_SUSPICIOUS_MOVE = YES;
				CLANG_WARN_UNREACHABLE_CODE = YES;
				CLANG_WARN__DUPLICATE_METHOD_MATCH = YES;
				"CODE_SIGN_IDENTITY[sdk=iphoneos*]" = "iPhone Developer";
				COPY_PHASE_STRIP = NO;
				DEBUG_INFORMATION_FORMAT = "dwarf-with-dsym";
				ENABLE_NS_ASSERTIONS = NO;
				ENABLE_STRICT_OBJC_MSGSEND = YES;
				GCC_C_LANGUAGE_STANDARD = gnu99;
				GCC_NO_COMMON_BLOCKS = YES;
				GCC_WARN_64_TO_32_BIT_CONVERSION = YES;
				GCC_WARN_ABOUT_RETURN_TYPE = YES_ERROR;
				GCC_WARN_UNDECLARED_SELECTOR = YES;
				GCC_WARN_UNINITIALIZED_AUTOS = YES_AGGRESSIVE;
				GCC_WARN_UNUSED_FUNCTION = YES;
				GCC_WARN_UNUSED_VARIABLE = YES;
				IPHONEOS_DEPLOYMENT_TARGET = 10.3;
				MTL_ENABLE_DEBUG_INFO = NO;
				SDKROOT = iphoneos;
				SWIFT_OPTIMIZATION_LEVEL = "-Owholemodule";
				VALIDATE_PRODUCT = YES;
			};
			name = Release;
		};
		392829BF1E9F169A008663AE /* Debug */ = {
			isa = XCBuildConfiguration;
			baseConfigurationReference = 1CFCDA9219727860B482D25B /* Pods-Chatty.debug.xcconfig */;
			buildSettings = {
				ASSETCATALOG_COMPILER_APPICON_NAME = AppIcon;
				INFOPLIST_FILE = Chatty/Info.plist;
				IPHONEOS_DEPLOYMENT_TARGET = 10.3;
				LD_RUNPATH_SEARCH_PATHS = "$(inherited) @executable_path/Frameworks";
				PRODUCT_BUNDLE_IDENTIFIER = "com.nana-muthuswamy.Chatty";
				PRODUCT_NAME = "$(TARGET_NAME)";
				SWIFT_VERSION = 3.0;
			};
			name = Debug;
		};
		392829C01E9F169A008663AE /* Release */ = {
			isa = XCBuildConfiguration;
			baseConfigurationReference = 5721F75113332B77C82B9301 /* Pods-Chatty.release.xcconfig */;
			buildSettings = {
				ASSETCATALOG_COMPILER_APPICON_NAME = AppIcon;
				INFOPLIST_FILE = Chatty/Info.plist;
				IPHONEOS_DEPLOYMENT_TARGET = 10.3;
				LD_RUNPATH_SEARCH_PATHS = "$(inherited) @executable_path/Frameworks";
				PRODUCT_BUNDLE_IDENTIFIER = "com.nana-muthuswamy.Chatty";
				PRODUCT_NAME = "$(TARGET_NAME)";
				SWIFT_VERSION = 3.0;
			};
			name = Release;
		};
/* End XCBuildConfiguration section */

/* Begin XCConfigurationList section */
		392829A71E9F169A008663AE /* Build configuration list for PBXProject "Chatty" */ = {
			isa = XCConfigurationList;
			buildConfigurations = (
				392829BC1E9F169A008663AE /* Debug */,
				392829BD1E9F169A008663AE /* Release */,
			);
			defaultConfigurationIsVisible = 0;
			defaultConfigurationName = Release;
		};
		392829BE1E9F169A008663AE /* Build configuration list for PBXNativeTarget "Chatty" */ = {
			isa = XCConfigurationList;
			buildConfigurations = (
				392829BF1E9F169A008663AE /* Debug */,
				392829C01E9F169A008663AE /* Release */,
			);
			defaultConfigurationIsVisible = 0;
			defaultConfigurationName = Release;
		};
/* End XCConfigurationList section */
	};
	rootObject = 392829A41E9F169A008663AE /* Project object */;
}
